
Microsoft Visual Studio Solution File, Format Version 12.00
# Visual Studio Version 17
VisualStudioVersion = 17.4.33205.214
MinimumVisualStudioVersion = 10.0.40219.1
Project("{9A19103F-16F7-4668-BE54-9A1E7A4F7556}") = "Hiephashop.Web", "Hiephashop\Hiephashop.Web.csproj", "{6A362B69-1F67-41B2-B6E6-FDD125E0AE3B}"
EndProject
Project("{9A19103F-16F7-4668-BE54-9A1E7A4F7556}") = "Hiephashop.Application", "Hiephashop.Application\Hiephashop.Application.csproj", "{B6ED9B16-CC6B-4A49-827A-DC0C83DA6934}"
EndProject
Project("{9A19103F-16F7-4668-BE54-9A1E7A4F7556}") = "Hiephashop.Data", "Hiephashop.Data\Hiephashop.Data.csproj", "{28D8D360-7874-4DD5-9203-892316A796B3}"
EndProject
Project("{FAE04EC0-301F-11D3-BF4B-00C04F79EFBC}") = "Hiephashop.Ultility", "Hiephashop.Ultility\Hiephashop.Ultility.csproj", "{FEE6D007-17BB-4273-A6D8-8AC848146600}"
EndProject
Global
	GlobalSection(SolutionConfigurationPlatforms) = preSolution
		Debug|Any CPU = Debug|Any CPU
		Release|Any CPU = Release|Any CPU
	EndGlobalSection
	GlobalSection(ProjectConfigurationPlatforms) = postSolution
		{6A362B69-1F67-41B2-B6E6-FDD125E0AE3B}.Debug|Any CPU.ActiveCfg = Debug|Any CPU
		{6A362B69-1F67-41B2-B6E6-FDD125E0AE3B}.Debug|Any CPU.Build.0 = Debug|Any CPU
		{6A362B69-1F67-41B2-B6E6-FDD125E0AE3B}.Release|Any CPU.ActiveCfg = Release|Any CPU
		{6A362B69-1F67-41B2-B6E6-FDD125E0AE3B}.Release|Any CPU.Build.0 = Release|Any CPU
		{B6ED9B16-CC6B-4A49-827A-DC0C83DA6934}.Debug|Any CPU.ActiveCfg = Debug|Any CPU
		{B6ED9B16-CC6B-4A49-827A-DC0C83DA6934}.Debug|Any CPU.Build.0 = Debug|Any CPU
		{B6ED9B16-CC6B-4A49-827A-DC0C83DA6934}.Release|Any CPU.ActiveCfg = Release|Any CPU
		{B6ED9B16-CC6B-4A49-827A-DC0C83DA6934}.Release|Any CPU.Build.0 = Release|Any CPU
		{28D8D360-7874-4DD5-9203-892316A796B3}.Debug|Any CPU.ActiveCfg = Debug|Any CPU
		{28D8D360-7874-4DD5-9203-892316A796B3}.Debug|Any CPU.Build.0 = Debug|Any CPU
		{28D8D360-7874-4DD5-9203-892316A796B3}.Release|Any CPU.ActiveCfg = Release|Any CPU
		{28D8D360-7874-4DD5-9203-892316A796B3}.Release|Any CPU.Build.0 = Release|Any CPU
		{FEE6D007-17BB-4273-A6D8-8AC848146600}.Debug|Any CPU.ActiveCfg = Debug|Any CPU
		{FEE6D007-17BB-4273-A6D8-8AC848146600}.Debug|Any CPU.Build.0 = Debug|Any CPU
		{FEE6D007-17BB-4273-A6D8-8AC848146600}.Release|Any CPU.ActiveCfg = Release|Any CPU
		{FEE6D007-17BB-4273-A6D8-8AC848146600}.Release|Any CPU.Build.0 = Release|Any CPU
	EndGlobalSection
	GlobalSection(SolutionProperties) = preSolution
		HideSolutionNode = FALSE
	EndGlobalSection
	GlobalSection(ExtensibilityGlobals) = postSolution
		SolutionGuid = {08B775F1-28F1-4647-A300-9B43621851AC}
	EndGlobalSection
EndGlobal
